Microsoft Visual Studio Solution File, Format Version 12.00
# Visual Studio 15
VisualStudioVersion = 15.0.26020.0
MinimumVisualStudioVersion = 10.0.40219.1
Project("{FAE04EC0-301F-11D3-BF4B-00C04F79EFBC}") = "MSLivingChoices.IDacs", "MSLivingChoices.IDacs.csproj", "{3DA52F65-7A47-4D5A-A2D2-551213EC41AD}"
EndProject
Global
	GlobalSection(SolutionConfigurationPlatforms) = preSolution
		Debug|Any CPU = Debug|Any CPU
		Release|Any CPU = Release|Any CPU
	EndGlobalSection
	GlobalSection(ProjectConfigurationPlatforms) = postSolution
		{3DA52F65-7A47-4D5A-A2D2-551213EC41AD}.Debug|Any CPU.ActiveCfg = Debug|Any CPU
		{3DA52F65-7A47-4D5A-A2D2-551213EC41AD}.Debug|Any CPU.Build.0 = Debug|Any CPU
		{3DA52F65-7A47-4D5A-A2D2-551213EC41AD}.Release|Any CPU.ActiveCfg = Release|Any CPU
		{3DA52F65-7A47-4D5A-A2D2-551213EC41AD}.Release|Any CPU.Build.0 = Release|Any CPU
	EndGlobalSection
	GlobalSection(SolutionProperties) = preSolution
		HideSolutionNode = FALSE
	EndGlobalSection
EndGlobal
