
Microsoft Visual Studio Solution File, Format Version 12.00
# Visual Studio Version 16
VisualStudioVersion = 16.0.30621.155
MinimumVisualStudioVersion = 10.0.40219.1
Project("{FAE04EC0-301F-11D3-BF4B-00C04F79EFBC}") = "Main", "Main.csproj", "{01A5F615-972A-49C8-A6FD-B22645EF9AC7}"
EndProject
Project("{FAE04EC0-301F-11D3-BF4B-00C04F79EFBC}") = "MSLivingChoices.SqlDacs.Admin", "..\MSLivingChoices.SqlDacs.Admin\MSLivingChoices.SqlDacs.Admin.csproj", "{10764C77-0BBE-415F-B207-B65CC23C509B}"
EndProject
Project("{FAE04EC0-301F-11D3-BF4B-00C04F79EFBC}") = "MSLivingChoices.Mvc.Uipc.Admin", "..\MSLivingChoices.Mvc.Uipc.Admin\MSLivingChoices.Mvc.Uipc.Admin.csproj", "{3C6FCE81-8DCD-4138-88F0-99EC17B0210C}"
EndProject
Project("{FAE04EC0-301F-11D3-BF4B-00C04F79EFBC}") = "MSLivingChoices.Entities.Admin", "..\MSLivingChoices.Entities.Admin\MSLivingChoices.Entities.Admin.csproj", "{C406E2DF-6F95-416B-9379-C31ADBD4C7E2}"
EndProject
Project("{FAE04EC0-301F-11D3-BF4B-00C04F79EFBC}") = "MSLivingChoices.Logging", "..\MSLivingChoices.Logging\MSLivingChoices.Logging.csproj", "{DE5E0AA4-3455-415D-9A8F-AF299BEC6F7F}"
EndProject
Project("{FAE04EC0-301F-11D3-BF4B-00C04F79EFBC}") = "MSLivingChoices.Mvc.Uipc.Client", "..\MSLivingChoices.Mvc.Uipc.Client\MSLivingChoices.Mvc.Uipc.Client.csproj", "{D1215408-0FE7-4AAE-8BBF-4559DA89F055}"
EndProject
Global
	GlobalSection(SolutionConfigurationPlatforms) = preSolution
		Debug|Any CPU = Debug|Any CPU
		Release|Any CPU = Release|Any CPU
	EndGlobalSection
	GlobalSection(ProjectConfigurationPlatforms) = postSolution
		{01A5F615-972A-49C8-A6FD-B22645EF9AC7}.Debug|Any CPU.ActiveCfg = Debug|Any CPU
		{01A5F615-972A-49C8-A6FD-B22645EF9AC7}.Debug|Any CPU.Build.0 = Debug|Any CPU
		{01A5F615-972A-49C8-A6FD-B22645EF9AC7}.Release|Any CPU.ActiveCfg = Release|Any CPU
		{01A5F615-972A-49C8-A6FD-B22645EF9AC7}.Release|Any CPU.Build.0 = Release|Any CPU
		{10764C77-0BBE-415F-B207-B65CC23C509B}.Debug|Any CPU.ActiveCfg = Debug|Any CPU
		{10764C77-0BBE-415F-B207-B65CC23C509B}.Debug|Any CPU.Build.0 = Debug|Any CPU
		{10764C77-0BBE-415F-B207-B65CC23C509B}.Release|Any CPU.ActiveCfg = Release|Any CPU
		{10764C77-0BBE-415F-B207-B65CC23C509B}.Release|Any CPU.Build.0 = Release|Any CPU
		{3C6FCE81-8DCD-4138-88F0-99EC17B0210C}.Debug|Any CPU.ActiveCfg = Debug|Any CPU
		{3C6FCE81-8DCD-4138-88F0-99EC17B0210C}.Debug|Any CPU.Build.0 = Debug|Any CPU
		{3C6FCE81-8DCD-4138-88F0-99EC17B0210C}.Release|Any CPU.ActiveCfg = Release|Any CPU
		{3C6FCE81-8DCD-4138-88F0-99EC17B0210C}.Release|Any CPU.Build.0 = Release|Any CPU
		{C406E2DF-6F95-416B-9379-C31ADBD4C7E2}.Debug|Any CPU.ActiveCfg = Debug|Any CPU
		{C406E2DF-6F95-416B-9379-C31ADBD4C7E2}.Debug|Any CPU.Build.0 = Debug|Any CPU
		{C406E2DF-6F95-416B-9379-C31ADBD4C7E2}.Release|Any CPU.ActiveCfg = Release|Any CPU
		{C406E2DF-6F95-416B-9379-C31ADBD4C7E2}.Release|Any CPU.Build.0 = Release|Any CPU
		{DE5E0AA4-3455-415D-9A8F-AF299BEC6F7F}.Debug|Any CPU.ActiveCfg = Debug|Any CPU
		{DE5E0AA4-3455-415D-9A8F-AF299BEC6F7F}.Debug|Any CPU.Build.0 = Debug|Any CPU
		{DE5E0AA4-3455-415D-9A8F-AF299BEC6F7F}.Release|Any CPU.ActiveCfg = Release|Any CPU
		{DE5E0AA4-3455-415D-9A8F-AF299BEC6F7F}.Release|Any CPU.Build.0 = Release|Any CPU
		{D1215408-0FE7-4AAE-8BBF-4559DA89F055}.Debug|Any CPU.ActiveCfg = Debug|Any CPU
		{D1215408-0FE7-4AAE-8BBF-4559DA89F055}.Debug|Any CPU.Build.0 = Debug|Any CPU
		{D1215408-0FE7-4AAE-8BBF-4559DA89F055}.Release|Any CPU.ActiveCfg = Release|Any CPU
		{D1215408-0FE7-4AAE-8BBF-4559DA89F055}.Release|Any CPU.Build.0 = Release|Any CPU
	EndGlobalSection
	GlobalSection(SolutionProperties) = preSolution
		HideSolutionNode = FALSE
	EndGlobalSection
	GlobalSection(ExtensibilityGlobals) = postSolution
		SolutionGuid = {6DF36C0C-CFC8-43EF-998B-BE3DF2C6C487}
	EndGlobalSection
EndGlobal
