Microsoft Visual Studio Solution File, Format Version 12.00
# Visual Studio 15
VisualStudioVersion = 15.0.26020.0
MinimumVisualStudioVersion = 10.0.40219.1
Project("{FAE04EC0-301F-11D3-BF4B-00C04F79EFBC}") = "UserManagementSystem.DAL.Interfaces", "UserManagementSystem.DAL.Interfaces.csproj", "{F3E0E073-E691-46C1-93C9-A62430A8D8BD}"
EndProject
Global
	GlobalSection(SolutionConfigurationPlatforms) = preSolution
		Debug|Any CPU = Debug|Any CPU
		Release|Any CPU = Release|Any CPU
	EndGlobalSection
	GlobalSection(ProjectConfigurationPlatforms) = postSolution
		{F3E0E073-E691-46C1-93C9-A62430A8D8BD}.Debug|Any CPU.ActiveCfg = Debug|Any CPU
		{F3E0E073-E691-46C1-93C9-A62430A8D8BD}.Debug|Any CPU.Build.0 = Debug|Any CPU
		{F3E0E073-E691-46C1-93C9-A62430A8D8BD}.Release|Any CPU.ActiveCfg = Release|Any CPU
		{F3E0E073-E691-46C1-93C9-A62430A8D8BD}.Release|Any CPU.Build.0 = Release|Any CPU
	EndGlobalSection
	GlobalSection(SolutionProperties) = preSolution
		HideSolutionNode = FALSE
	EndGlobalSection
EndGlobal
